
Microsoft Visual Studio Solution File, Format Version 12.00
# Visual Studio Version 17
VisualStudioVersion = 17.9.34902.65
MinimumVisualStudioVersion = 10.0.40219.1
Project("{FAE04EC0-301F-11D3-BF4B-00C04F79EFBC}") = "DMOficialGestorDeTareasMVC", "DMOficialGestorDeTareasMVC\DMOficialGestorDeTareasMVC.csproj", "{AA741DDB-2082-4F04-96BB-038147308E4B}"
EndProject
Global
	GlobalSection(SolutionConfigurationPlatforms) = preSolution
		Debug|Any CPU = Debug|Any CPU
		Release|Any CPU = Release|Any CPU
	EndGlobalSection
	GlobalSection(ProjectConfigurationPlatforms) = postSolution
		{AA741DDB-2082-4F04-96BB-038147308E4B}.Debug|Any CPU.ActiveCfg = Debug|Any CPU
		{AA741DDB-2082-4F04-96BB-038147308E4B}.Debug|Any CPU.Build.0 = Debug|Any CPU
		{AA741DDB-2082-4F04-96BB-038147308E4B}.Release|Any CPU.ActiveCfg = Release|Any CPU
		{AA741DDB-2082-4F04-96BB-038147308E4B}.Release|Any CPU.Build.0 = Release|Any CPU
	EndGlobalSection
	GlobalSection(SolutionProperties) = preSolution
		HideSolutionNode = FALSE
	EndGlobalSection
	GlobalSection(ExtensibilityGlobals) = postSolution
		SolutionGuid = {EC8D2246-B0FC-48F4-85F8-293A680F1E2D}
	EndGlobalSection
EndGlobal
