
Microsoft Visual Studio Solution File, Format Version 12.00
# Visual Studio Version 17
VisualStudioVersion = 17.9.34902.65
MinimumVisualStudioVersion = 10.0.40219.1
Project("{FAE04EC0-301F-11D3-BF4B-00C04F79EFBC}") = "DMOficialGestorDeTareasMVC", "DMOficialGestorDeTareasMVC\DMOficialGestorDeTareasMVC.csproj", "{AA741DDB-2082-4F04-96BB-038147308E4B}"
EndProject
Project("{FAE04EC0-301F-11D3-BF4B-00C04F79EFBC}") = "DMAPIGestorDeTareasMagicOficial", "DMAPIGestorDeTareasMagicOficial\DMAPIGestorDeTareasMagicOficial.csproj", "{938A9428-1684-4745-8CC9-7973C5C90DDB}"
EndProject
Project("{FAE04EC0-301F-11D3-BF4B-00C04F79EFBC}") = "MAUIGestorDeTareasDM", "MAUIGestorDeTareasDM\MAUIGestorDeTareasDM.csproj", "{89AA01D2-BE2C-4211-A1DE-135FAE6B1FDC}"
EndProject
Global
	GlobalSection(SolutionConfigurationPlatforms) = preSolution
		Debug|Any CPU = Debug|Any CPU
		Release|Any CPU = Release|Any CPU
	EndGlobalSection
	GlobalSection(ProjectConfigurationPlatforms) = postSolution
		{AA741DDB-2082-4F04-96BB-038147308E4B}.Debug|Any CPU.ActiveCfg = Debug|Any CPU
		{AA741DDB-2082-4F04-96BB-038147308E4B}.Debug|Any CPU.Build.0 = Debug|Any CPU
		{AA741DDB-2082-4F04-96BB-038147308E4B}.Release|Any CPU.ActiveCfg = Release|Any CPU
		{AA741DDB-2082-4F04-96BB-038147308E4B}.Release|Any CPU.Build.0 = Release|Any CPU
		{938A9428-1684-4745-8CC9-7973C5C90DDB}.Debug|Any CPU.ActiveCfg = Debug|Any CPU
		{938A9428-1684-4745-8CC9-7973C5C90DDB}.Debug|Any CPU.Build.0 = Debug|Any CPU
		{938A9428-1684-4745-8CC9-7973C5C90DDB}.Release|Any CPU.ActiveCfg = Release|Any CPU
		{938A9428-1684-4745-8CC9-7973C5C90DDB}.Release|Any CPU.Build.0 = Release|Any CPU
		{89AA01D2-BE2C-4211-A1DE-135FAE6B1FDC}.Debug|Any CPU.ActiveCfg = Debug|Any CPU
		{89AA01D2-BE2C-4211-A1DE-135FAE6B1FDC}.Debug|Any CPU.Build.0 = Debug|Any CPU
		{89AA01D2-BE2C-4211-A1DE-135FAE6B1FDC}.Debug|Any CPU.Deploy.0 = Debug|Any CPU
		{89AA01D2-BE2C-4211-A1DE-135FAE6B1FDC}.Release|Any CPU.ActiveCfg = Release|Any CPU
		{89AA01D2-BE2C-4211-A1DE-135FAE6B1FDC}.Release|Any CPU.Build.0 = Release|Any CPU
		{89AA01D2-BE2C-4211-A1DE-135FAE6B1FDC}.Release|Any CPU.Deploy.0 = Release|Any CPU
	EndGlobalSection
	GlobalSection(SolutionProperties) = preSolution
		HideSolutionNode = FALSE
	EndGlobalSection
	GlobalSection(ExtensibilityGlobals) = postSolution
		SolutionGuid = {EC8D2246-B0FC-48F4-85F8-293A680F1E2D}
	EndGlobalSection
EndGlobal
